{
  "version": 3,
  "targets": {
    "net9.0/win-x64": {
      "vvvv-mcp/0.8.1": {
        "type": "package",
        "tools": {
          "tools/net8.0/any/DotnetToolSettings.xml": {},
          "tools/net8.0/any/Microsoft.Extensions.AI.Abstractions.dll": {},
          "tools/net8.0/any/Microsoft.Extensions.Caching.Abstractions.dll": {},
          "tools/net8.0/any/Microsoft.Extensions.Configuration.Abstractions.dll": {},
          "tools/net8.0/any/Microsoft.Extensions.Configuration.Binder.dll": {},
          "tools/net8.0/any/Microsoft.Extensions.Configuration.CommandLine.dll": {},
          "tools/net8.0/any/Microsoft.Extensions.Configuration.EnvironmentVariables.dll": {},
          "tools/net8.0/any/Microsoft.Extensions.Configuration.FileExtensions.dll": {},
          "tools/net8.0/any/Microsoft.Extensions.Configuration.Json.dll": {},
          "tools/net8.0/any/Microsoft.Extensions.Configuration.UserSecrets.dll": {},
          "tools/net8.0/any/Microsoft.Extensions.Configuration.dll": {},
          "tools/net8.0/any/Microsoft.Extensions.DependencyInjection.Abstractions.dll": {},
          "tools/net8.0/any/Microsoft.Extensions.DependencyInjection.dll": {},
          "tools/net8.0/any/Microsoft.Extensions.Diagnostics.Abstractions.dll": {},
          "tools/net8.0/any/Microsoft.Extensions.Diagnostics.dll": {},
          "tools/net8.0/any/Microsoft.Extensions.FileProviders.Abstractions.dll": {},
          "tools/net8.0/any/Microsoft.Extensions.FileProviders.Physical.dll": {},
          "tools/net8.0/any/Microsoft.Extensions.FileSystemGlobbing.dll": {},
          "tools/net8.0/any/Microsoft.Extensions.Hosting.Abstractions.dll": {},
          "tools/net8.0/any/Microsoft.Extensions.Hosting.dll": {},
          "tools/net8.0/any/Microsoft.Extensions.Logging.Abstractions.dll": {},
          "tools/net8.0/any/Microsoft.Extensions.Logging.Configuration.dll": {},
          "tools/net8.0/any/Microsoft.Extensions.Logging.Console.dll": {},
          "tools/net8.0/any/Microsoft.Extensions.Logging.Debug.dll": {},
          "tools/net8.0/any/Microsoft.Extensions.Logging.EventLog.dll": {},
          "tools/net8.0/any/Microsoft.Extensions.Logging.EventSource.dll": {},
          "tools/net8.0/any/Microsoft.Extensions.Logging.dll": {},
          "tools/net8.0/any/Microsoft.Extensions.Options.ConfigurationExtensions.dll": {},
          "tools/net8.0/any/Microsoft.Extensions.Options.dll": {},
          "tools/net8.0/any/Microsoft.Extensions.Primitives.dll": {},
          "tools/net8.0/any/ModelContextProtocol.Core.dll": {},
          "tools/net8.0/any/ModelContextProtocol.dll": {},
          "tools/net8.0/any/System.Diagnostics.DiagnosticSource.dll": {},
          "tools/net8.0/any/System.Diagnostics.EventLog.dll": {},
          "tools/net8.0/any/System.IO.Pipelines.dll": {},
          "tools/net8.0/any/System.Net.ServerSentEvents.dll": {},
          "tools/net8.0/any/System.Text.Encodings.Web.dll": {},
          "tools/net8.0/any/System.Text.Json.dll": {},
          "tools/net8.0/any/VvvvMcp.Core.dll": {},
          "tools/net8.0/any/VvvvMcp.Core.pdb": {},
          "tools/net8.0/any/VvvvMcp.deps.json": {},
          "tools/net8.0/any/VvvvMcp.dll": {},
          "tools/net8.0/any/VvvvMcp.pdb": {},
          "tools/net8.0/any/VvvvMcp.runtimeconfig.json": {},
          "tools/net8.0/any/knowledge/MANIFEST.md": {},
          "tools/net8.0/any/knowledge/gray-book-best-practice.md": {},
          "tools/net8.0/any/knowledge/gray-book-extending.md": {},
          "tools/net8.0/any/knowledge/gray-book-getting-started.md": {},
          "tools/net8.0/any/knowledge/gray-book-hde.md": {},
          "tools/net8.0/any/knowledge/gray-book-introduction.md": {},
          "tools/net8.0/any/knowledge/gray-book-language.md": {},
          "tools/net8.0/any/knowledge/gray-book-libraries.md": {},
          "tools/net8.0/any/knowledge/vl-file-format.md": {},
          "tools/net8.0/any/knowledge/vl-quickref.md": {},
          "tools/net8.0/any/knowledge/vvvv-channels.md": {},
          "tools/net8.0/any/knowledge/vvvv-custom-nodes.md": {},
          "tools/net8.0/any/knowledge/vvvv-debugging.md": {},
          "tools/net8.0/any/knowledge/vvvv-dotnet.md": {},
          "tools/net8.0/any/knowledge/vvvv-editor-extensions.md": {},
          "tools/net8.0/any/knowledge/vvvv-fundamentals.md": {},
          "tools/net8.0/any/knowledge/vvvv-node-libraries.md": {},
          "tools/net8.0/any/knowledge/vvvv-packages.md": {},
          "tools/net8.0/any/knowledge/vvvv-patching.md": {},
          "tools/net8.0/any/knowledge/vvvv-shaders.md": {},
          "tools/net8.0/any/knowledge/vvvv-spreads.md": {},
          "tools/net8.0/any/knowledge/vvvv-startup.md": {},
          "tools/net8.0/any/knowledge/vvvv-testing.md": {},
          "tools/net8.0/any/knowledge/vvvv-troubleshooting.md": {},
          "tools/net8.0/any/runtimes/browser/lib/net8.0/System.Text.Encodings.Web.dll": {},
          "tools/net8.0/any/runtimes/win/lib/net8.0/System.Diagnostics.EventLog.Messages.dll": {},
          "tools/net8.0/any/runtimes/win/lib/net8.0/System.Diagnostics.EventLog.dll": {},
          "tools/net8.0/any/vvvv_nodes_mcp.json": {}
        }
      }
    }
  },
  "libraries": {},
  "projectFileDependencyGroups": {}
}