Microsoft Visual Studio Solution File, Format Version 12.00
# Visual Studio Version 17
VisualStudioVersion = 17.5.2.0
MinimumVisualStudioVersion = 10.0.40219.1
Project("{FAE04EC0-301F-11D3-BF4B-00C04F79EFBC}") = "VVVVNodeAnalyzer", "VVVVNodeAnalyzer.csproj", "{788E42AD-7768-1A3A-8719-3570BA45E785}"
EndProject
Global
	GlobalSection(SolutionConfigurationPlatforms) = preSolution
		Debug|Any CPU = Debug|Any CPU
		Release|Any CPU = Release|Any CPU
	EndGlobalSection
	GlobalSection(ProjectConfigurationPlatforms) = postSolution
		{788E42AD-7768-1A3A-8719-3570BA45E785}.Debug|Any CPU.ActiveCfg = Debug|Any CPU
		{788E42AD-7768-1A3A-8719-3570BA45E785}.Debug|Any CPU.Build.0 = Debug|Any CPU
		{788E42AD-7768-1A3A-8719-3570BA45E785}.Release|Any CPU.ActiveCfg = Release|Any CPU
		{788E42AD-7768-1A3A-8719-3570BA45E785}.Release|Any CPU.Build.0 = Release|Any CPU
	EndGlobalSection
	GlobalSection(SolutionProperties) = preSolution
		HideSolutionNode = FALSE
	EndGlobalSection
	GlobalSection(ExtensibilityGlobals) = postSolution
		SolutionGuid = {AB2E3DEB-6E1E-4D2A-A4BF-F1D15136FCCC}
	EndGlobalSection
EndGlobal
